
Microsoft Visual Studio Solution File, Format Version 12.00
# Visual Studio Version 17
VisualStudioVersion = 17.3.32929.385
MinimumVisualStudioVersion = 10.0.40219.1
Project("{FAE04EC0-301F-11D3-BF4B-00C04F79EFBC}") = "USING3_C_SHARP", "USING3_C_SHARP\USING3_C_SHARP.csproj", "{55004B3C-754B-4B6B-A4CB-2A1D39AE8E69}"
EndProject
Global
	GlobalSection(SolutionConfigurationPlatforms) = preSolution
		Debug|Any CPU = Debug|Any CPU
		Release|Any CPU = Release|Any CPU
	EndGlobalSection
	GlobalSection(ProjectConfigurationPlatforms) = postSolution
		{55004B3C-754B-4B6B-A4CB-2A1D39AE8E69}.Debug|Any CPU.ActiveCfg = Debug|Any CPU
		{55004B3C-754B-4B6B-A4CB-2A1D39AE8E69}.Debug|Any CPU.Build.0 = Debug|Any CPU
		{55004B3C-754B-4B6B-A4CB-2A1D39AE8E69}.Release|Any CPU.ActiveCfg = Release|Any CPU
		{55004B3C-754B-4B6B-A4CB-2A1D39AE8E69}.Release|Any CPU.Build.0 = Release|Any CPU
	EndGlobalSection
	GlobalSection(SolutionProperties) = preSolution
		HideSolutionNode = FALSE
	EndGlobalSection
	GlobalSection(ExtensibilityGlobals) = postSolution
		SolutionGuid = {6F3E902D-9CE1-47D1-846B-E040C1D674C8}
	EndGlobalSection
EndGlobal
